
Microsoft Visual Studio Solution File, Format Version 12.00
# Visual Studio Version 16
VisualStudioVersion = 16.0.30104.148
MinimumVisualStudioVersion = 10.0.40219.1
Project("{FAE04EC0-301F-11D3-BF4B-00C04F79EFBC}") = "Cadrastro de Pets", "Cadrastro de Pets\Cadrastro de Pets.csproj", "{D59C7B90-EA94-4362-82C5-629C6DAA8D13}"
EndProject
Global
	GlobalSection(SolutionConfigurationPlatforms) = preSolution
		Debug|Any CPU = Debug|Any CPU
		Release|Any CPU = Release|Any CPU
	EndGlobalSection
	GlobalSection(ProjectConfigurationPlatforms) = postSolution
		{D59C7B90-EA94-4362-82C5-629C6DAA8D13}.Debug|Any CPU.ActiveCfg = Debug|Any CPU
		{D59C7B90-EA94-4362-82C5-629C6DAA8D13}.Debug|Any CPU.Build.0 = Debug|Any CPU
		{D59C7B90-EA94-4362-82C5-629C6DAA8D13}.Release|Any CPU.ActiveCfg = Release|Any CPU
		{D59C7B90-EA94-4362-82C5-629C6DAA8D13}.Release|Any CPU.Build.0 = Release|Any CPU
	EndGlobalSection
	GlobalSection(SolutionProperties) = preSolution
		HideSolutionNode = FALSE
	EndGlobalSection
	GlobalSection(ExtensibilityGlobals) = postSolution
		SolutionGuid = {C0446E18-6026-4AC2-9666-C5B545DF1776}
	EndGlobalSection
EndGlobal
